
Microsoft Visual Studio Solution File, Format Version 12.00
# Visual Studio Version 16
VisualStudioVersion = 16.0.29418.71
MinimumVisualStudioVersion = 10.0.40219.1
Project("{FAE04EC0-301F-11D3-BF4B-00C04F79EFBC}") = "QLBanxedap", "QLBanxedap\QLBanxedap.csproj", "{EDE9B019-57F7-4DB0-9192-241E52DE72D9}"
EndProject
Global
	GlobalSection(SolutionConfigurationPlatforms) = preSolution
		Debug|Any CPU = Debug|Any CPU
		Release|Any CPU = Release|Any CPU
	EndGlobalSection
	GlobalSection(ProjectConfigurationPlatforms) = postSolution
		{EDE9B019-57F7-4DB0-9192-241E52DE72D9}.Debug|Any CPU.ActiveCfg = Debug|Any CPU
		{EDE9B019-57F7-4DB0-9192-241E52DE72D9}.Debug|Any CPU.Build.0 = Debug|Any CPU
		{EDE9B019-57F7-4DB0-9192-241E52DE72D9}.Release|Any CPU.ActiveCfg = Release|Any CPU
		{EDE9B019-57F7-4DB0-9192-241E52DE72D9}.Release|Any CPU.Build.0 = Release|Any CPU
	EndGlobalSection
	GlobalSection(SolutionProperties) = preSolution
		HideSolutionNode = FALSE
	EndGlobalSection
	GlobalSection(ExtensibilityGlobals) = postSolution
		SolutionGuid = {2191A99F-0BF2-4FC6-BCD4-10F5A1FE8916}
	EndGlobalSection
EndGlobal
